<?xml version="1.0" encoding="utf-8"?>
<Project ToolsVersion="4.0" xmlns="http://schemas.microsoft.com/developer/msbuild/2003">
  <ItemGroup>
    <Filter Include="Hash Map Classes">
      <UniqueIdentifier>{786a9b3f-f84b-4b39-8c06-f121d0d81b3c}</UniqueIdentifier>
    </Filter>
    <Filter Include="Hash Map Classes\Source Files">
      <UniqueIdentifier>{4FC737F1-C7A5-4376-A066-2A32D752A2FF}</UniqueIdentifier>
      <Extensions>cpp;c;cc;cxx;def;odl;idl;hpj;bat;asm;asmx</Extensions>
    </Filter>
    <Filter Include="Hash Map Classes\Header Files">
      <UniqueIdentifier>{93995380-89BD-4b04-88EB-625FBE52EBFB}</UniqueIdentifier>
      <Extensions>h;hpp;hxx;hm;inl;inc;xsd</Extensions>
    </Filter>
    <Filter Include="Hash Map Tests">
      <UniqueIdentifier>{7f2c4240-561b-4d50-8699-c86b9dd928ce}</UniqueIdentifier>
    </Filter>
  </ItemGroup>
  <ItemGroup>
    <ClInclude Include="hash_map.hpp">
      <Filter>Hash Map Classes\Header Files</Filter>
    </ClInclude>
  </ItemGroup>
  <ItemGroup>
    <ClCompile Include="main.cpp">
      <Filter>Hash Map Tests</Filter>
    </ClCompile>
  </ItemGroup>
</Project>